
Microsoft Visual Studio Solution File, Format Version 12.00
# Visual Studio Version 17
VisualStudioVersion = 17.8.34525.116
MinimumVisualStudioVersion = 10.0.40219.1
Project("{FAE04EC0-301F-11D3-BF4B-00C04F79EFBC}") = "Ordering.Application", "Ordering.Application\Ordering.Application.csproj", "{08BB9059-DA60-4202-8ABA-49D37E0C5DA0}"
EndProject
Project("{FAE04EC0-301F-11D3-BF4B-00C04F79EFBC}") = "Odering.Core", "Odering.Core\Odering.Core.csproj", "{71B7638D-B3A8-41F9-8DC6-BB2C771925AF}"
EndProject
Project("{FAE04EC0-301F-11D3-BF4B-00C04F79EFBC}") = "Ordering.Infrastructure", "Ordering.Infrastructure\Ordering.Infrastructure.csproj", "{11617093-9EDE-4215-8028-1B23EF8A8A23}"
EndProject
Global
	GlobalSection(SolutionConfigurationPlatforms) = preSolution
		Debug|Any CPU = Debug|Any CPU
		Release|Any CPU = Release|Any CPU
	EndGlobalSection
	GlobalSection(ProjectConfigurationPlatforms) = postSolution
		{08BB9059-DA60-4202-8ABA-49D37E0C5DA0}.Debug|Any CPU.ActiveCfg = Debug|Any CPU
		{08BB9059-DA60-4202-8ABA-49D37E0C5DA0}.Debug|Any CPU.Build.0 = Debug|Any CPU
		{08BB9059-DA60-4202-8ABA-49D37E0C5DA0}.Release|Any CPU.ActiveCfg = Release|Any CPU
		{08BB9059-DA60-4202-8ABA-49D37E0C5DA0}.Release|Any CPU.Build.0 = Release|Any CPU
		{71B7638D-B3A8-41F9-8DC6-BB2C771925AF}.Debug|Any CPU.ActiveCfg = Debug|Any CPU
		{71B7638D-B3A8-41F9-8DC6-BB2C771925AF}.Debug|Any CPU.Build.0 = Debug|Any CPU
		{71B7638D-B3A8-41F9-8DC6-BB2C771925AF}.Release|Any CPU.ActiveCfg = Release|Any CPU
		{71B7638D-B3A8-41F9-8DC6-BB2C771925AF}.Release|Any CPU.Build.0 = Release|Any CPU
		{11617093-9EDE-4215-8028-1B23EF8A8A23}.Debug|Any CPU.ActiveCfg = Debug|Any CPU
		{11617093-9EDE-4215-8028-1B23EF8A8A23}.Debug|Any CPU.Build.0 = Debug|Any CPU
		{11617093-9EDE-4215-8028-1B23EF8A8A23}.Release|Any CPU.ActiveCfg = Release|Any CPU
		{11617093-9EDE-4215-8028-1B23EF8A8A23}.Release|Any CPU.Build.0 = Release|Any CPU
	EndGlobalSection
	GlobalSection(SolutionProperties) = preSolution
		HideSolutionNode = FALSE
	EndGlobalSection
	GlobalSection(ExtensibilityGlobals) = postSolution
		SolutionGuid = {BFD01E8B-49A7-4FE9-90AB-C2C8C86816DE}
	EndGlobalSection
EndGlobal
